<?xml version="1.0" encoding="UTF-8"?>
<Scheme
   LastUpgradeVersion = "0500"
   version = "1.3">
   <BuildAction
      parallelizeBuildables = "YES"
      buildImplicitDependencies = "YES">
      <BuildActionEntries>
         <BuildActionEntry
            buildForTesting = "YES"
            buildForRunning = "YES"
            buildForProfiling = "YES"
            buildForArchiving = "YES"
            buildForAnalyzing = "YES">
            <BuildableReference
               BuildableIdentifier = "primary"
               BlueprintIdentifier = "F11AB4C218BAB0D800D8FED4"
               BuildableName = "Assignment2"
               BlueprintName = "Assignment2"
               ReferencedContainer = "container:Assignment2.xcodeproj">
            </BuildableReference>
         </BuildActionEntry>
      </BuildActionEntries>
   </BuildAction>
   <TestAction
      selectedDebuggerIdentifier = "Xcode.DebuggerFoundation.Debugger.LLDB"
      selectedLauncherIdentifier = "Xcode.DebuggerFoundation.Launcher.LLDB"
      shouldUseLaunchSchemeArgsEnv = "YES"
      buildConfiguration = "Debug">
      <Testables>
      </Testables>
   </TestAction>
   <LaunchAction
      selectedDebuggerIdentifier = "Xcode.DebuggerFoundation.Debugger.LLDB"
      selectedLauncherIdentifier = "Xcode.DebuggerFoundation.Launcher.LLDB"
      launchStyle = "0"
      useCustomWorkingDirectory = "NO"
      buildConfiguration = "Debug"
      ignoresPersistentStateOnLaunch = "NO"
      debugDocumentVersioning = "YES"
      allowLocationSimulation = "YES">
      <PathRunnable
         FilePath = "/Users/lcolobong/Dropbox/UCB/Classes/CS184/hw/CS184RayTracing/scene">
      </PathRunnable>
      <CommandLineArguments>
         <CommandLineArgument
            argument = "-render manual"
            isEnabled = "NO">
         </CommandLineArgument>
         <CommandLineArgument
            argument = "-pl 1.0 1.0 1.0 3.0 3.0 0.0"
            isEnabled = "NO">
         </CommandLineArgument>
         <CommandLineArgument
            argument = "-sphere 1 1 1 -5 0.2 0.5 0.1 0.6 6"
            isEnabled = "NO">
         </CommandLineArgument>
         <CommandLineArgument
            argument = "-sphere 1 -1 -1 -5 0.2 0.5 0.1 0.6 6"
            isEnabled = "NO">
         </CommandLineArgument>
         <CommandLineArgument
            argument = "-sphere 6 0 0 -10 0.2 0.5 0.1 0.6 6"
            isEnabled = "NO">
         </CommandLineArgument>
         <CommandLineArgument
            argument = "-sphere 1 0 0 -7 0.2 0.5 0.1 0.6 6"
            isEnabled = "NO">
         </CommandLineArgument>
         <CommandLineArgument
            argument = "-dl 1.0 1.0 1.0 0 0 -1"
            isEnabled = "NO">
         </CommandLineArgument>
         <CommandLineArgument
            argument = "-pl 0.2 0.5 0.5 1 1 1"
            isEnabled = "NO">
         </CommandLineArgument>
         <CommandLineArgument
            argument = "-render renderSample1/ -out testCube.png -resolution 120"
            isEnabled = "YES">
         </CommandLineArgument>
      </CommandLineArguments>
      <EnvironmentVariables>
         <EnvironmentVariable
            key = "PATH"
            value = "/Users/lcolobong/anaconda/bin:/usr/local/bin:/usr/local/bin:/usr/bin:/bin:/usr/sbin:/sbin:/usr/local/bin:/opt/X11/bin&#10;"
            isEnabled = "YES">
         </EnvironmentVariable>
      </EnvironmentVariables>
      <AdditionalOptions>
      </AdditionalOptions>
   </LaunchAction>
   <ProfileAction
      shouldUseLaunchSchemeArgsEnv = "YES"
      savedToolIdentifier = ""
      useCustomWorkingDirectory = "NO"
      buildConfiguration = "Release"
      debugDocumentVersioning = "YES">
   </ProfileAction>
   <AnalyzeAction
      buildConfiguration = "Debug">
   </AnalyzeAction>
   <ArchiveAction
      buildConfiguration = "Release"
      revealArchiveInOrganizer = "YES">
   </ArchiveAction>
</Scheme>
